
Microsoft Visual Studio Solution File, Format Version 12.00
# Visual Studio 15
VisualStudioVersion = 15.0.27004.2009
MinimumVisualStudioVersion = 10.0.40219.1
Project("{8BC9CEB8-8B4A-11D0-8D11-00A0C91BC942}") = "Framework", "Projects\Framework\Framework.vcxproj", "{07ED0FAA-61A8-4EB0-A054-F430F661C546}"
EndProject
Project("{8BC9CEB8-8B4A-11D0-8D11-00A0C91BC942}") = "Game", "Projects\Game\Game.vcxproj", "{93CCE855-D4CE-47BF-90F0-C0E9C1F7C3BD}"
EndProject
Global
	GlobalSection(SolutionConfigurationPlatforms) = preSolution
		Debug|x64 = Debug|x64
		Debug|x86 = Debug|x86
		Release|x64 = Release|x64
		Release|x86 = Release|x86
	EndGlobalSection
	GlobalSection(ProjectConfigurationPlatforms) = postSolution
		{07ED0FAA-61A8-4EB0-A054-F430F661C546}.Debug|x64.ActiveCfg = Debug|x64
		{07ED0FAA-61A8-4EB0-A054-F430F661C546}.Debug|x64.Build.0 = Debug|x64
		{07ED0FAA-61A8-4EB0-A054-F430F661C546}.Debug|x86.ActiveCfg = Debug|Win32
		{07ED0FAA-61A8-4EB0-A054-F430F661C546}.Debug|x86.Build.0 = Debug|Win32
		{07ED0FAA-61A8-4EB0-A054-F430F661C546}.Release|x64.ActiveCfg = Release|x64
		{07ED0FAA-61A8-4EB0-A054-F430F661C546}.Release|x64.Build.0 = Release|x64
		{07ED0FAA-61A8-4EB0-A054-F430F661C546}.Release|x86.ActiveCfg = Release|Win32
		{07ED0FAA-61A8-4EB0-A054-F430F661C546}.Release|x86.Build.0 = Release|Win32
		{93CCE855-D4CE-47BF-90F0-C0E9C1F7C3BD}.Debug|x64.ActiveCfg = Debug|x64
		{93CCE855-D4CE-47BF-90F0-C0E9C1F7C3BD}.Debug|x64.Build.0 = Debug|x64
		{93CCE855-D4CE-47BF-90F0-C0E9C1F7C3BD}.Debug|x86.ActiveCfg = Debug|Win32
		{93CCE855-D4CE-47BF-90F0-C0E9C1F7C3BD}.Debug|x86.Build.0 = Debug|Win32
		{93CCE855-D4CE-47BF-90F0-C0E9C1F7C3BD}.Release|x64.ActiveCfg = Release|x64
		{93CCE855-D4CE-47BF-90F0-C0E9C1F7C3BD}.Release|x64.Build.0 = Release|x64
		{93CCE855-D4CE-47BF-90F0-C0E9C1F7C3BD}.Release|x86.ActiveCfg = Release|Win32
		{93CCE855-D4CE-47BF-90F0-C0E9C1F7C3BD}.Release|x86.Build.0 = Release|Win32
	EndGlobalSection
	GlobalSection(SolutionProperties) = preSolution
		HideSolutionNode = FALSE
	EndGlobalSection
	GlobalSection(ExtensibilityGlobals) = postSolution
		SolutionGuid = {DA076591-8196-43A4-9EA2-8570020BF478}
	EndGlobalSection
EndGlobal
